
Microsoft Visual Studio Solution File, Format Version 12.00
# Visual Studio Version 16
VisualStudioVersion = 16.0.30104.148
MinimumVisualStudioVersion = 10.0.40219.1
Project("{9A19103F-16F7-4668-BE54-9A1E7A4F7556}") = "LinQToSqlBuilder.DataAccessLayer.Tests", "LinQToSqlBuilder.DataAccessLayer.Tests\LinQToSqlBuilder.DataAccessLayer.Tests.csproj", "{CE267788-C95C-4A76-A150-1F747E0CC5EE}"
EndProject
Project("{9A19103F-16F7-4668-BE54-9A1E7A4F7556}") = "LinQToSqlBuilder", "LinQToSqlBuilder\LinQToSqlBuilder.csproj", "{7DEBAE85-F889-4E8B-9F18-24A0AEE7EC2D}"
EndProject
Global
	GlobalSection(SolutionConfigurationPlatforms) = preSolution
		Debug|Any CPU = Debug|Any CPU
		Release|Any CPU = Release|Any CPU
	EndGlobalSection
	GlobalSection(ProjectConfigurationPlatforms) = postSolution
		{CE267788-C95C-4A76-A150-1F747E0CC5EE}.Debug|Any CPU.ActiveCfg = Debug|Any CPU
		{CE267788-C95C-4A76-A150-1F747E0CC5EE}.Debug|Any CPU.Build.0 = Debug|Any CPU
		{CE267788-C95C-4A76-A150-1F747E0CC5EE}.Release|Any CPU.ActiveCfg = Release|Any CPU
		{CE267788-C95C-4A76-A150-1F747E0CC5EE}.Release|Any CPU.Build.0 = Release|Any CPU
		{7DEBAE85-F889-4E8B-9F18-24A0AEE7EC2D}.Debug|Any CPU.ActiveCfg = Debug|Any CPU
		{7DEBAE85-F889-4E8B-9F18-24A0AEE7EC2D}.Debug|Any CPU.Build.0 = Debug|Any CPU
		{7DEBAE85-F889-4E8B-9F18-24A0AEE7EC2D}.Release|Any CPU.ActiveCfg = Release|Any CPU
		{7DEBAE85-F889-4E8B-9F18-24A0AEE7EC2D}.Release|Any CPU.Build.0 = Release|Any CPU
	EndGlobalSection
	GlobalSection(SolutionProperties) = preSolution
		HideSolutionNode = FALSE
	EndGlobalSection
	GlobalSection(ExtensibilityGlobals) = postSolution
		SolutionGuid = {6BDCBC62-0799-4200-BFE0-254E3E31ECA8}
	EndGlobalSection
EndGlobal
